
Microsoft Visual Studio Solution File, Format Version 12.00
# Visual Studio Version 16
VisualStudioVersion = 16.0.31313.79
MinimumVisualStudioVersion = 10.0.40219.1
Project("{9A19103F-16F7-4668-BE54-9A1E7A4F7556}") = "Loup.DotNet.Challenge.Api", "src\Loup.DotNet.Challenge.Api\Loup.DotNet.Challenge.Api.csproj", "{26998D33-A9A6-4E9F-8834-E92DCF4DF3C8}"
EndProject
Project("{9A19103F-16F7-4668-BE54-9A1E7A4F7556}") = "Loup.DotNet.Challenge.Tests", "src\Loup.DotNet.Challenge.Tests\Loup.DotNet.Challenge.Tests.csproj", "{6F2375A1-94E9-4B69-84CE-461B8FF4BF28}"
EndProject
Project("{9A19103F-16F7-4668-BE54-9A1E7A4F7556}") = "Loup.DotNet.Challenge.Shared", "src\Loup.DotNet.Challenge.Shared\Loup.DotNet.Challenge.Shared.csproj", "{741E22B2-0722-4E0D-8A28-12B591D7F66B}"
EndProject
Global
	GlobalSection(SolutionConfigurationPlatforms) = preSolution
		Debug|Any CPU = Debug|Any CPU
		Release|Any CPU = Release|Any CPU
	EndGlobalSection
	GlobalSection(ProjectConfigurationPlatforms) = postSolution
		{26998D33-A9A6-4E9F-8834-E92DCF4DF3C8}.Debug|Any CPU.ActiveCfg = Debug|Any CPU
		{26998D33-A9A6-4E9F-8834-E92DCF4DF3C8}.Debug|Any CPU.Build.0 = Debug|Any CPU
		{26998D33-A9A6-4E9F-8834-E92DCF4DF3C8}.Release|Any CPU.ActiveCfg = Release|Any CPU
		{26998D33-A9A6-4E9F-8834-E92DCF4DF3C8}.Release|Any CPU.Build.0 = Release|Any CPU
		{6F2375A1-94E9-4B69-84CE-461B8FF4BF28}.Debug|Any CPU.ActiveCfg = Debug|Any CPU
		{6F2375A1-94E9-4B69-84CE-461B8FF4BF28}.Debug|Any CPU.Build.0 = Debug|Any CPU
		{6F2375A1-94E9-4B69-84CE-461B8FF4BF28}.Release|Any CPU.ActiveCfg = Release|Any CPU
		{6F2375A1-94E9-4B69-84CE-461B8FF4BF28}.Release|Any CPU.Build.0 = Release|Any CPU
		{741E22B2-0722-4E0D-8A28-12B591D7F66B}.Debug|Any CPU.ActiveCfg = Debug|Any CPU
		{741E22B2-0722-4E0D-8A28-12B591D7F66B}.Debug|Any CPU.Build.0 = Debug|Any CPU
		{741E22B2-0722-4E0D-8A28-12B591D7F66B}.Release|Any CPU.ActiveCfg = Release|Any CPU
		{741E22B2-0722-4E0D-8A28-12B591D7F66B}.Release|Any CPU.Build.0 = Release|Any CPU
	EndGlobalSection
	GlobalSection(SolutionProperties) = preSolution
		HideSolutionNode = FALSE
	EndGlobalSection
	GlobalSection(ExtensibilityGlobals) = postSolution
		SolutionGuid = {B00FD004-BBCD-49DA-96EE-CED220C1AC64}
	EndGlobalSection
EndGlobal
